
Microsoft Visual Studio Solution File, Format Version 12.00
# Visual Studio Version 17
VisualStudioVersion = 17.12.35521.163 d17.12
MinimumVisualStudioVersion = 10.0.40219.1
Project("{FAE04EC0-301F-11D3-BF4B-00C04F79EFBC}") = "Attendify.DataLayer", "Attendify.DataLayer\Attendify.DataLayer.csproj", "{129A60B9-E468-49C6-9393-7DC1A5A2294D}"
EndProject
Project("{FAE04EC0-301F-11D3-BF4B-00C04F79EFBC}") = "Attendify.DomainLayer", "Attendify.DomainLayer\Attendify.DomainLayer.csproj", "{F524C11A-5574-446B-A550-365F81BC3694}"
EndProject
Project("{FAE04EC0-301F-11D3-BF4B-00C04F79EFBC}") = "Attendify.UILayer", "Attendify.UILayer\Attendify.UILayer.csproj", "{6C788037-2F55-4406-8AA2-D4293A65463E}"
EndProject
Global
	GlobalSection(SolutionConfigurationPlatforms) = preSolution
		Debug|Any CPU = Debug|Any CPU
		Release|Any CPU = Release|Any CPU
	EndGlobalSection
	GlobalSection(ProjectConfigurationPlatforms) = postSolution
		{129A60B9-E468-49C6-9393-7DC1A5A2294D}.Debug|Any CPU.ActiveCfg = Debug|Any CPU
		{129A60B9-E468-49C6-9393-7DC1A5A2294D}.Debug|Any CPU.Build.0 = Debug|Any CPU
		{129A60B9-E468-49C6-9393-7DC1A5A2294D}.Release|Any CPU.ActiveCfg = Release|Any CPU
		{129A60B9-E468-49C6-9393-7DC1A5A2294D}.Release|Any CPU.Build.0 = Release|Any CPU
		{F524C11A-5574-446B-A550-365F81BC3694}.Debug|Any CPU.ActiveCfg = Debug|Any CPU
		{F524C11A-5574-446B-A550-365F81BC3694}.Debug|Any CPU.Build.0 = Debug|Any CPU
		{F524C11A-5574-446B-A550-365F81BC3694}.Release|Any CPU.ActiveCfg = Release|Any CPU
		{F524C11A-5574-446B-A550-365F81BC3694}.Release|Any CPU.Build.0 = Release|Any CPU
		{6C788037-2F55-4406-8AA2-D4293A65463E}.Debug|Any CPU.ActiveCfg = Debug|Any CPU
		{6C788037-2F55-4406-8AA2-D4293A65463E}.Debug|Any CPU.Build.0 = Debug|Any CPU
		{6C788037-2F55-4406-8AA2-D4293A65463E}.Release|Any CPU.ActiveCfg = Release|Any CPU
		{6C788037-2F55-4406-8AA2-D4293A65463E}.Release|Any CPU.Build.0 = Release|Any CPU
	EndGlobalSection
	GlobalSection(SolutionProperties) = preSolution
		HideSolutionNode = FALSE
	EndGlobalSection
EndGlobal
